{
  "version": 4,
  "terraform_version": "1.5.2",
  "serial": 5,
  "lineage": "d5087561-1f54-932a-fd0a-bbb57edb0aac",
  "outputs": {
    "container_name": {
      "value": "tfstate-container",
      "type": "string"
    },
    "resource_group_name": {
      "value": "cafanwii-resource-group",
      "type": "string"
    },
    "storage_account_name": {
      "value": "cafanwistorage",
      "type": "string"
    }
  },
  "resources": [
    {
      "mode": "managed",
      "type": "azurerm_resource_group",
      "name": "cafanwii",
      "provider": "provider[\"registry.terraform.io/hashicorp/azurerm\"]",
      "instances": [
        {
          "schema_version": 0,
          "attributes": {
            "id": "/subscriptions/a0cf06fc-47a3-4a1c-9939-13415ad0fa33/resourceGroups/cafanwii-resource-group",
            "location": "eastus",
            "managed_by": "",
            "name": "cafanwii-resource-group",
            "tags": {},
            "timeouts": null
          },
          "sensitive_attributes": [],
          "private": "eyJlMmJmYjczMC1lY2FhLTExZTYtOGY4OC0zNDM2M2JjN2M0YzAiOnsiY3JlYXRlIjo1NDAwMDAwMDAwMDAwLCJkZWxldGUiOjU0MDAwMDAwMDAwMDAsInJlYWQiOjMwMDAwMDAwMDAwMCwidXBkYXRlIjo1NDAwMDAwMDAwMDAwfX0="
        }
      ]
    },
    {
      "mode": "managed",
      "type": "azurerm_storage_account",
      "name": "cafanwi_storage",
      "provider": "provider[\"registry.terraform.io/hashicorp/azurerm\"]",
      "instances": [
        {
          "schema_version": 4,
          "attributes": {
            "access_tier": "Hot",
            "account_kind": "StorageV2",
            "account_replication_type": "LRS",
            "account_tier": "Standard",
            "allow_nested_items_to_be_public": true,
            "allowed_copy_scope": "",
            "azure_files_authentication": [],
            "blob_properties": [
              {
                "change_feed_enabled": false,
                "change_feed_retention_in_days": 0,
                "container_delete_retention_policy": [],
                "cors_rule": [],
                "default_service_version": "",
                "delete_retention_policy": [],
                "last_access_time_enabled": false,
                "restore_policy": [],
                "versioning_enabled": false
              }
            ],
            "cross_tenant_replication_enabled": true,
            "custom_domain": [],
            "customer_managed_key": [],
            "default_to_oauth_authentication": false,
            "edge_zone": "",
            "enable_https_traffic_only": true,
            "id": "/subscriptions/a0cf06fc-47a3-4a1c-9939-13415ad0fa33/resourceGroups/cafanwii-resource-group/providers/Microsoft.Storage/storageAccounts/cafanwistorage",
            "identity": [],
            "immutability_policy": [],
            "infrastructure_encryption_enabled": false,
            "is_hns_enabled": false,
            "large_file_share_enabled": null,
            "location": "eastus",
            "min_tls_version": "TLS1_2",
            "name": "cafanwistorage",
            "network_rules": [
              {
                "bypass": [
                  "AzureServices"
                ],
                "default_action": "Allow",
                "ip_rules": [],
                "private_link_access": [],
                "virtual_network_subnet_ids": []
              }
            ],
            "nfsv3_enabled": false,
            "primary_access_key": "i2tyD6HSfkmQlczSfkmOniMvVo2c22MnNXFoopuObp+6QfZjAEiNwSLxu9nOnT4QHRZeLq3m5Hr3+AStSU5+pg==",
            "primary_blob_connection_string": "DefaultEndpointsProtocol=https;BlobEndpoint=https://cafanwistorage.blob.core.windows.net/;AccountName=cafanwistorage;AccountKey=i2tyD6HSfkmQlczSfkmOniMvVo2c22MnNXFoopuObp+6QfZjAEiNwSLxu9nOnT4QHRZeLq3m5Hr3+AStSU5+pg==",
            "primary_blob_endpoint": "https://cafanwistorage.blob.core.windows.net/",
            "primary_blob_host": "cafanwistorage.blob.core.windows.net",
            "primary_connection_string": "DefaultEndpointsProtocol=https;AccountName=cafanwistorage;AccountKey=i2tyD6HSfkmQlczSfkmOniMvVo2c22MnNXFoopuObp+6QfZjAEiNwSLxu9nOnT4QHRZeLq3m5Hr3+AStSU5+pg==;EndpointSuffix=core.windows.net",
            "primary_dfs_endpoint": "https://cafanwistorage.dfs.core.windows.net/",
            "primary_dfs_host": "cafanwistorage.dfs.core.windows.net",
            "primary_file_endpoint": "https://cafanwistorage.file.core.windows.net/",
            "primary_file_host": "cafanwistorage.file.core.windows.net",
            "primary_location": "eastus",
            "primary_queue_endpoint": "https://cafanwistorage.queue.core.windows.net/",
            "primary_queue_host": "cafanwistorage.queue.core.windows.net",
            "primary_table_endpoint": "https://cafanwistorage.table.core.windows.net/",
            "primary_table_host": "cafanwistorage.table.core.windows.net",
            "primary_web_endpoint": "https://cafanwistorage.z13.web.core.windows.net/",
            "primary_web_host": "cafanwistorage.z13.web.core.windows.net",
            "public_network_access_enabled": true,
            "queue_encryption_key_type": "Service",
            "queue_properties": [
              {
                "cors_rule": [],
                "hour_metrics": [
                  {
                    "enabled": true,
                    "include_apis": true,
                    "retention_policy_days": 7,
                    "version": "1.0"
                  }
                ],
                "logging": [
                  {
                    "delete": false,
                    "read": false,
                    "retention_policy_days": 0,
                    "version": "1.0",
                    "write": false
                  }
                ],
                "minute_metrics": [
                  {
                    "enabled": false,
                    "include_apis": false,
                    "retention_policy_days": 0,
                    "version": "1.0"
                  }
                ]
              }
            ],
            "resource_group_name": "cafanwii-resource-group",
            "routing": [],
            "sas_policy": [],
            "secondary_access_key": "hvuPAKqfNeqF/ry0ZEoWW0j15GqL2BLXx7qtT54o7zg0vTzXvXWsbsZQ9Iy1Ppm7U7jR3RNDyoNo+ASthun4Cw==",
            "secondary_blob_connection_string": "",
            "secondary_blob_endpoint": null,
            "secondary_blob_host": null,
            "secondary_connection_string": "DefaultEndpointsProtocol=https;AccountName=cafanwistorage;AccountKey=hvuPAKqfNeqF/ry0ZEoWW0j15GqL2BLXx7qtT54o7zg0vTzXvXWsbsZQ9Iy1Ppm7U7jR3RNDyoNo+ASthun4Cw==;EndpointSuffix=core.windows.net",
            "secondary_dfs_endpoint": null,
            "secondary_dfs_host": null,
            "secondary_file_endpoint": null,
            "secondary_file_host": null,
            "secondary_location": "",
            "secondary_queue_endpoint": null,
            "secondary_queue_host": null,
            "secondary_table_endpoint": null,
            "secondary_table_host": null,
            "secondary_web_endpoint": null,
            "secondary_web_host": null,
            "sftp_enabled": false,
            "share_properties": [
              {
                "cors_rule": [],
                "retention_policy": [
                  {
                    "days": 7
                  }
                ],
                "smb": []
              }
            ],
            "shared_access_key_enabled": true,
            "static_website": [],
            "table_encryption_key_type": "Service",
            "tags": {},
            "timeouts": null
          },
          "sensitive_attributes": [],
          "private": "eyJlMmJmYjczMC1lY2FhLTExZTYtOGY4OC0zNDM2M2JjN2M0YzAiOnsiY3JlYXRlIjozNjAwMDAwMDAwMDAwLCJkZWxldGUiOjM2MDAwMDAwMDAwMDAsInJlYWQiOjMwMDAwMDAwMDAwMCwidXBkYXRlIjozNjAwMDAwMDAwMDAwfSwic2NoZW1hX3ZlcnNpb24iOiI0In0=",
          "dependencies": [
            "azurerm_resource_group.cafanwii"
          ]
        }
      ]
    },
    {
      "mode": "managed",
      "type": "azurerm_storage_container",
      "name": "cafanwi_container",
      "provider": "provider[\"registry.terraform.io/hashicorp/azurerm\"]",
      "instances": [
        {
          "schema_version": 1,
          "attributes": {
            "container_access_type": "private",
            "has_immutability_policy": false,
            "has_legal_hold": false,
            "id": "https://cafanwistorage.blob.core.windows.net/tfstate-container",
            "metadata": {},
            "name": "tfstate-container",
            "resource_manager_id": "/subscriptions/a0cf06fc-47a3-4a1c-9939-13415ad0fa33/resourceGroups/cafanwii-resource-group/providers/Microsoft.Storage/storageAccounts/cafanwistorage/blobServices/default/containers/tfstate-container",
            "storage_account_name": "cafanwistorage",
            "timeouts": null
          },
          "sensitive_attributes": [],
          "private": "eyJlMmJmYjczMC1lY2FhLTExZTYtOGY4OC0zNDM2M2JjN2M0YzAiOnsiY3JlYXRlIjoxODAwMDAwMDAwMDAwLCJkZWxldGUiOjE4MDAwMDAwMDAwMDAsInJlYWQiOjMwMDAwMDAwMDAwMCwidXBkYXRlIjoxODAwMDAwMDAwMDAwfSwic2NoZW1hX3ZlcnNpb24iOiIxIn0=",
          "dependencies": [
            "azurerm_resource_group.cafanwii",
            "azurerm_storage_account.cafanwi_storage"
          ]
        }
      ]
    }
  ],
  "check_results": null
}
