{
  "version": 4,
  "terraform_version": "1.5.2",
  "serial": 23,
  "lineage": "da954e9f-aaa3-3258-a07d-fa4a2d35a73a",
  "outputs": {
    "service_principal_application_id": {
      "value": "b3114c3a-923a-42cd-8774-ce6f39aa02bd",
      "type": "string"
    },
    "service_principal_client_secret": {
      "value": "KbK8Q~K4_3VG_r81axvnQIHDGC8CgEYwuxmZEbMA",
      "type": "string",
      "sensitive": true
    }
  },
  "resources": [
    {
      "mode": "managed",
      "type": "azuread_application",
      "name": "cafanwii",
      "provider": "provider[\"registry.terraform.io/hashicorp/azuread\"]",
      "instances": [
        {
          "schema_version": 1,
          "attributes": {
            "api": [
              {
                "known_client_applications": [],
                "mapped_claims_enabled": false,
                "oauth2_permission_scope": [],
                "requested_access_token_version": 1
              }
            ],
            "app_role": [],
            "app_role_ids": {},
            "application_id": "b3114c3a-923a-42cd-8774-ce6f39aa02bd",
            "description": "",
            "device_only_auth_enabled": false,
            "disabled_by_microsoft": "\u003cnil\u003e",
            "display_name": "cafanwii-terraform-application",
            "fallback_public_client_enabled": false,
            "feature_tags": [
              {
                "custom_single_sign_on": false,
                "enterprise": false,
                "gallery": false,
                "hide": false
              }
            ],
            "group_membership_claims": [],
            "id": "80ba39c0-487f-436f-adda-09101183d4f2",
            "identifier_uris": [],
            "logo_image": "",
            "logo_url": "",
            "marketing_url": "",
            "notes": "",
            "oauth2_permission_scope_ids": {},
            "oauth2_post_response_required": false,
            "object_id": "80ba39c0-487f-436f-adda-09101183d4f2",
            "optional_claims": [
              {
                "access_token": [],
                "id_token": [],
                "saml2_token": []
              }
            ],
            "owners": [],
            "prevent_duplicate_names": false,
            "privacy_statement_url": "",
            "public_client": [
              {
                "redirect_uris": []
              }
            ],
            "publisher_domain": "afanwicollinsgmail.onmicrosoft.com",
            "required_resource_access": [],
            "service_management_reference": "",
            "sign_in_audience": "AzureADMyOrg",
            "single_page_application": [
              {
                "redirect_uris": []
              }
            ],
            "support_url": "",
            "tags": [],
            "template_id": "",
            "terms_of_service_url": "",
            "timeouts": null,
            "web": [
              {
                "homepage_url": "",
                "implicit_grant": [
                  {
                    "access_token_issuance_enabled": false,
                    "id_token_issuance_enabled": false
                  }
                ],
                "logout_url": "",
                "redirect_uris": []
              }
            ]
          },
          "sensitive_attributes": [],
          "private": "eyJlMmJmYjczMC1lY2FhLTExZTYtOGY4OC0zNDM2M2JjN2M0YzAiOnsiY3JlYXRlIjo2MDAwMDAwMDAwMDAsImRlbGV0ZSI6MzAwMDAwMDAwMDAwLCJyZWFkIjozMDAwMDAwMDAwMDAsInVwZGF0ZSI6NjAwMDAwMDAwMDAwfSwic2NoZW1hX3ZlcnNpb24iOiIxIn0="
        }
      ]
    },
    {
      "mode": "managed",
      "type": "azuread_application_password",
      "name": "cafanwii",
      "provider": "provider[\"registry.terraform.io/hashicorp/azuread\"]",
      "instances": [
        {
          "schema_version": 1,
          "attributes": {
            "application_object_id": "80ba39c0-487f-436f-adda-09101183d4f2",
            "display_name": null,
            "end_date": "2025-08-31T00:11:26Z",
            "end_date_relative": null,
            "id": "80ba39c0-487f-436f-adda-09101183d4f2/password/7d768af4-4774-4c3a-89aa-7b2b1c2bbbdf",
            "key_id": "7d768af4-4774-4c3a-89aa-7b2b1c2bbbdf",
            "rotate_when_changed": null,
            "start_date": "2023-08-31T00:11:26Z",
            "timeouts": null,
            "value": "KbK8Q~K4_3VG_r81axvnQIHDGC8CgEYwuxmZEbMA"
          },
          "sensitive_attributes": [],
          "private": "eyJlMmJmYjczMC1lY2FhLTExZTYtOGY4OC0zNDM2M2JjN2M0YzAiOnsiY3JlYXRlIjo5MDAwMDAwMDAwMDAsImRlbGV0ZSI6MzAwMDAwMDAwMDAwLCJyZWFkIjozMDAwMDAwMDAwMDAsInVwZGF0ZSI6MzAwMDAwMDAwMDAwfSwic2NoZW1hX3ZlcnNpb24iOiIxIn0=",
          "dependencies": [
            "azuread_application.cafanwii"
          ]
        }
      ]
    },
    {
      "mode": "managed",
      "type": "azuread_service_principal",
      "name": "cafanwii",
      "provider": "provider[\"registry.terraform.io/hashicorp/azuread\"]",
      "instances": [
        {
          "schema_version": 0,
          "attributes": {
            "account_enabled": true,
            "alternative_names": [],
            "app_role_assignment_required": false,
            "app_role_ids": {},
            "app_roles": [],
            "application_id": "b3114c3a-923a-42cd-8774-ce6f39aa02bd",
            "application_tenant_id": "6c5864a4-4b20-4b29-810e-3fb0ca8ca942",
            "description": "",
            "display_name": "cafanwii-terraform-application",
            "feature_tags": [
              {
                "custom_single_sign_on": false,
                "enterprise": false,
                "gallery": false,
                "hide": false
              }
            ],
            "features": [
              {
                "custom_single_sign_on_app": false,
                "enterprise_application": false,
                "gallery_application": false,
                "visible_to_users": true
              }
            ],
            "homepage_url": "",
            "id": "8481f300-d331-41a2-b535-bb52759c7f66",
            "login_url": "",
            "logout_url": "",
            "notes": "",
            "notification_email_addresses": [],
            "oauth2_permission_scope_ids": {},
            "oauth2_permission_scopes": [],
            "object_id": "8481f300-d331-41a2-b535-bb52759c7f66",
            "owners": [],
            "preferred_single_sign_on_mode": "",
            "redirect_uris": [],
            "saml_metadata_url": "",
            "saml_single_sign_on": [
              {
                "relay_state": ""
              }
            ],
            "service_principal_names": [],
            "sign_in_audience": "AzureADMyOrg",
            "tags": [],
            "timeouts": null,
            "type": "Application",
            "use_existing": null
          },
          "sensitive_attributes": [],
          "private": "eyJlMmJmYjczMC1lY2FhLTExZTYtOGY4OC0zNDM2M2JjN2M0YzAiOnsiY3JlYXRlIjo2MDAwMDAwMDAwMDAsImRlbGV0ZSI6MzAwMDAwMDAwMDAwLCJyZWFkIjozMDAwMDAwMDAwMDAsInVwZGF0ZSI6NjAwMDAwMDAwMDAwfX0=",
          "dependencies": [
            "azuread_application.cafanwii"
          ]
        }
      ]
    },
    {
      "mode": "managed",
      "type": "azurerm_key_vault",
      "name": "cafanwii_key_vault",
      "provider": "provider[\"registry.terraform.io/hashicorp/azurerm\"]",
      "instances": [
        {
          "schema_version": 2,
          "attributes": {
            "access_policy": [],
            "contact": [],
            "enable_rbac_authorization": false,
            "enabled_for_deployment": false,
            "enabled_for_disk_encryption": true,
            "enabled_for_template_deployment": true,
            "id": "/subscriptions/a0cf06fc-47a3-4a1c-9939-13415ad0fa33/resourceGroups/cafanwii-resource-group/providers/Microsoft.KeyVault/vaults/cafanwii-key-vault",
            "location": "eastus",
            "name": "cafanwii-key-vault",
            "network_acls": [
              {
                "bypass": "AzureServices",
                "default_action": "Allow",
                "ip_rules": [],
                "virtual_network_subnet_ids": []
              }
            ],
            "public_network_access_enabled": true,
            "purge_protection_enabled": false,
            "resource_group_name": "cafanwii-resource-group",
            "sku_name": "standard",
            "soft_delete_retention_days": 90,
            "tags": null,
            "tenant_id": "6c5864a4-4b20-4b29-810e-3fb0ca8ca942",
            "timeouts": null,
            "vault_uri": "https://cafanwii-key-vault.vault.azure.net/"
          },
          "sensitive_attributes": [],
          "private": "eyJlMmJmYjczMC1lY2FhLTExZTYtOGY4OC0zNDM2M2JjN2M0YzAiOnsiY3JlYXRlIjoxODAwMDAwMDAwMDAwLCJkZWxldGUiOjE4MDAwMDAwMDAwMDAsInJlYWQiOjMwMDAwMDAwMDAwMCwidXBkYXRlIjoxODAwMDAwMDAwMDAwfSwic2NoZW1hX3ZlcnNpb24iOiIyIn0=",
          "dependencies": [
            "azurerm_resource_group.cafanwii"
          ]
        }
      ]
    },
    {
      "mode": "managed",
      "type": "azurerm_resource_group",
      "name": "cafanwii",
      "provider": "provider[\"registry.terraform.io/hashicorp/azurerm\"]",
      "instances": [
        {
          "schema_version": 0,
          "attributes": {
            "id": "/subscriptions/a0cf06fc-47a3-4a1c-9939-13415ad0fa33/resourceGroups/cafanwii-resource-group",
            "location": "eastus",
            "managed_by": "",
            "name": "cafanwii-resource-group",
            "tags": {},
            "timeouts": null
          },
          "sensitive_attributes": [],
          "private": "eyJlMmJmYjczMC1lY2FhLTExZTYtOGY4OC0zNDM2M2JjN2M0YzAiOnsiY3JlYXRlIjo1NDAwMDAwMDAwMDAwLCJkZWxldGUiOjU0MDAwMDAwMDAwMDAsInJlYWQiOjMwMDAwMDAwMDAwMCwidXBkYXRlIjo1NDAwMDAwMDAwMDAwfX0="
        }
      ]
    },
    {
      "mode": "managed",
      "type": "azurerm_role_assignment",
      "name": "cafanwii",
      "provider": "provider[\"registry.terraform.io/hashicorp/azurerm\"]",
      "instances": [
        {
          "schema_version": 0,
          "attributes": {
            "condition": "",
            "condition_version": "",
            "delegated_managed_identity_resource_id": "",
            "description": "",
            "id": "/subscriptions/02586025-9515-4eac-9a28-cd52e33fbaa4/providers/Microsoft.Authorization/roleAssignments/d3ed3314-6973-e439-4fdc-b9b40de06897",
            "name": "d3ed3314-6973-e439-4fdc-b9b40de06897",
            "principal_id": "8481f300-d331-41a2-b535-bb52759c7f66",
            "principal_type": "ServicePrincipal",
            "role_definition_id": "/subscriptions/02586025-9515-4eac-9a28-cd52e33fbaa4/providers/Microsoft.Authorization/roleDefinitions/b24988ac-6180-42a0-ab88-20f7382dd24c",
            "role_definition_name": "Contributor",
            "scope": "/subscriptions/02586025-9515-4eac-9a28-cd52e33fbaa4",
            "skip_service_principal_aad_check": null,
            "timeouts": null
          },
          "sensitive_attributes": [],
          "private": "eyJlMmJmYjczMC1lY2FhLTExZTYtOGY4OC0zNDM2M2JjN2M0YzAiOnsiY3JlYXRlIjoxODAwMDAwMDAwMDAwLCJkZWxldGUiOjE4MDAwMDAwMDAwMDAsInJlYWQiOjMwMDAwMDAwMDAwMCwidXBkYXRlIjoxODAwMDAwMDAwMDAwfX0=",
          "dependencies": [
            "azuread_application.cafanwii",
            "azuread_service_principal.cafanwii"
          ]
        }
      ]
    },
    {
      "mode": "managed",
      "type": "azurerm_user_assigned_identity",
      "name": "cafanwii",
      "provider": "provider[\"registry.terraform.io/hashicorp/azurerm\"]",
      "instances": [
        {
          "schema_version": 1,
          "attributes": {
            "client_id": "53d3d4f3-23da-4ad7-b60f-952a90eb42f8",
            "id": "/subscriptions/a0cf06fc-47a3-4a1c-9939-13415ad0fa33/resourceGroups/cafanwii-resource-group/providers/Microsoft.ManagedIdentity/userAssignedIdentities/cafanwii-app-user",
            "location": "eastus",
            "name": "cafanwii-app-user",
            "principal_id": "0450a0b5-2778-40fd-8484-652115c19276",
            "resource_group_name": "cafanwii-resource-group",
            "tags": {},
            "tenant_id": "6c5864a4-4b20-4b29-810e-3fb0ca8ca942",
            "timeouts": null
          },
          "sensitive_attributes": [],
          "private": "eyJlMmJmYjczMC1lY2FhLTExZTYtOGY4OC0zNDM2M2JjN2M0YzAiOnsiY3JlYXRlIjoxODAwMDAwMDAwMDAwLCJkZWxldGUiOjE4MDAwMDAwMDAwMDAsInJlYWQiOjMwMDAwMDAwMDAwMCwidXBkYXRlIjoxODAwMDAwMDAwMDAwfSwic2NoZW1hX3ZlcnNpb24iOiIxIn0=",
          "dependencies": [
            "azurerm_resource_group.cafanwii"
          ]
        }
      ]
    }
  ],
  "check_results": null
}
